
Microsoft Visual Studio Solution File, Format Version 12.00
# Visual Studio Version 17
VisualStudioVersion = 17.2.32505.173
MinimumVisualStudioVersion = 10.0.40219.1
Project("{9A19103F-16F7-4668-BE54-9A1E7A4F7556}") = "Accord.Core (NETStandard)", "Accord.Core\Accord.Core (NETStandard).csproj", "{18CFE577-5FC5-4566-9047-1BB4139BD8B0}"
EndProject
Project("{9A19103F-16F7-4668-BE54-9A1E7A4F7556}") = "Accord.Math.Core (NETStandard)", "Accord.Math.Core\Accord.Math.Core (NETStandard).csproj", "{BD0AE224-CC5C-4188-8C01-4906CA2ABA60}"
EndProject
Project("{9A19103F-16F7-4668-BE54-9A1E7A4F7556}") = "Accord.Math (NETStandard)", "Accord.Math\Accord.Math (NETStandard).csproj", "{76944BC5-3DAD-46B7-AF1E-4679A956226D}"
EndProject
Project("{9A19103F-16F7-4668-BE54-9A1E7A4F7556}") = "Accord.MachineLearning (NETStandard)", "Accord.MachineLearning\Accord.MachineLearning (NETStandard).csproj", "{BBA59F2B-DB20-429C-8D37-6930AEA42A48}"
EndProject
Project("{9A19103F-16F7-4668-BE54-9A1E7A4F7556}") = "Accord.Statistics (NETStandard)", "Accord.Statistics\Accord.Statistics (NETStandard).csproj", "{B2137379-958C-4BDA-B379-72D385698FA1}"
EndProject
Project("{2150E333-8FDC-42A3-9474-1A3956D46DE8}") = "Unit Tests", "Unit Tests", "{BFD784FF-6E86-4540-8DEC-2F6AD779E0F9}"
	ProjectSection(SolutionItems) = preProject
		..\Unit Tests\Accord.Tests (NETStandard).targets = ..\Unit Tests\Accord.Tests (NETStandard).targets
	EndProjectSection
EndProject
Project("{9A19103F-16F7-4668-BE54-9A1E7A4F7556}") = "Accord.Tests.Core (NETStandard)", "..\Unit Tests\Accord.Tests.Core\Accord.Tests.Core (NETStandard).csproj", "{EC291E7D-EA7D-44B3-BDDA-D72BAC12A30E}"
EndProject
Project("{9A19103F-16F7-4668-BE54-9A1E7A4F7556}") = "Accord.Tests.MachineLearning (NETStandard)", "..\Unit Tests\Accord.Tests.MachineLearning\Accord.Tests.MachineLearning (NETStandard).csproj", "{1C58CE85-7C20-4208-8804-9A5DF7E4F728}"
EndProject
Project("{9A19103F-16F7-4668-BE54-9A1E7A4F7556}") = "Accord.Tests.Math (NETStandard)", "..\Unit Tests\Accord.Tests.Math\Accord.Tests.Math (NETStandard).csproj", "{24AE2C2A-7DEB-4B9F-84C8-0F5E65E41EBC}"
EndProject
Project("{9A19103F-16F7-4668-BE54-9A1E7A4F7556}") = "Accord.Tests.Statistics (NETStandard)", "..\Unit Tests\Accord.Tests.Statistics\Accord.Tests.Statistics (NETStandard).csproj", "{1588C792-DC7D-43AF-B4E7-5A71A0EE860E}"
EndProject
Project("{2150E333-8FDC-42A3-9474-1A3956D46DE8}") = "Solution Items", "Solution Items", "{B26C9DA9-C351-4401-B4CA-D217FA090C9E}"
	ProjectSection(SolutionItems) = preProject
		Accord.NET (NETStandard).targets = Accord.NET (NETStandard).targets
		..\Contributors.txt = ..\Contributors.txt
		..\Copyright.txt = ..\Copyright.txt
		..\Release notes.txt = ..\Release notes.txt
		Version.targets = Version.targets
	EndProjectSection
EndProject
Project("{9A19103F-16F7-4668-BE54-9A1E7A4F7556}") = "Accord.DataSets (NETStandard)", "Accord.DataSets\Accord.DataSets (NETStandard).csproj", "{18C3E611-3993-4B93-82AE-5A9D2F776C18}"
EndProject
Project("{9A19103F-16F7-4668-BE54-9A1E7A4F7556}") = "Accord.IO (NETStandard)", "Accord.IO\Accord.IO (NETStandard).csproj", "{6392AD76-09FB-4005-90D5-E106D96ADAA6}"
EndProject
Project("{9A19103F-16F7-4668-BE54-9A1E7A4F7556}") = "Accord.Tests.IO (NETStandard)", "..\Unit Tests\Accord.Tests.IO\Accord.Tests.IO (NETStandard).csproj", "{2DB4D22F-ABAE-4C3A-A4AE-792C873B97AB}"
EndProject
Global
	GlobalSection(SolutionConfigurationPlatforms) = preSolution
		Debug|Any CPU = Debug|Any CPU
		Debug|x64 = Debug|x64
		Debug|x86 = Debug|x86
		Docs|Any CPU = Docs|Any CPU
		Docs|x64 = Docs|x64
		Docs|x86 = Docs|x86
		Release|Any CPU = Release|Any CPU
		Release|x64 = Release|x64
		Release|x86 = Release|x86
	EndGlobalSection
	GlobalSection(ProjectConfigurationPlatforms) = postSolution
		{18CFE577-5FC5-4566-9047-1BB4139BD8B0}.Debug|Any CPU.ActiveCfg = Debug|Any CPU
		{18CFE577-5FC5-4566-9047-1BB4139BD8B0}.Debug|Any CPU.Build.0 = Debug|Any CPU
		{18CFE577-5FC5-4566-9047-1BB4139BD8B0}.Debug|x64.ActiveCfg = Debug|Any CPU
		{18CFE577-5FC5-4566-9047-1BB4139BD8B0}.Debug|x64.Build.0 = Debug|Any CPU
		{18CFE577-5FC5-4566-9047-1BB4139BD8B0}.Debug|x86.ActiveCfg = Debug|Any CPU
		{18CFE577-5FC5-4566-9047-1BB4139BD8B0}.Debug|x86.Build.0 = Debug|Any CPU
		{18CFE577-5FC5-4566-9047-1BB4139BD8B0}.Docs|Any CPU.ActiveCfg = Release|Any CPU
		{18CFE577-5FC5-4566-9047-1BB4139BD8B0}.Docs|Any CPU.Build.0 = Release|Any CPU
		{18CFE577-5FC5-4566-9047-1BB4139BD8B0}.Docs|x64.ActiveCfg = Release|Any CPU
		{18CFE577-5FC5-4566-9047-1BB4139BD8B0}.Docs|x64.Build.0 = Release|Any CPU
		{18CFE577-5FC5-4566-9047-1BB4139BD8B0}.Docs|x86.ActiveCfg = Release|Any CPU
		{18CFE577-5FC5-4566-9047-1BB4139BD8B0}.Docs|x86.Build.0 = Release|Any CPU
		{18CFE577-5FC5-4566-9047-1BB4139BD8B0}.Release|Any CPU.ActiveCfg = Release|Any CPU
		{18CFE577-5FC5-4566-9047-1BB4139BD8B0}.Release|Any CPU.Build.0 = Release|Any CPU
		{18CFE577-5FC5-4566-9047-1BB4139BD8B0}.Release|x64.ActiveCfg = Release|Any CPU
		{18CFE577-5FC5-4566-9047-1BB4139BD8B0}.Release|x64.Build.0 = Release|Any CPU
		{18CFE577-5FC5-4566-9047-1BB4139BD8B0}.Release|x86.ActiveCfg = Release|Any CPU
		{18CFE577-5FC5-4566-9047-1BB4139BD8B0}.Release|x86.Build.0 = Release|Any CPU
		{BD0AE224-CC5C-4188-8C01-4906CA2ABA60}.Debug|Any CPU.ActiveCfg = Debug|Any CPU
		{BD0AE224-CC5C-4188-8C01-4906CA2ABA60}.Debug|Any CPU.Build.0 = Debug|Any CPU
		{BD0AE224-CC5C-4188-8C01-4906CA2ABA60}.Debug|x64.ActiveCfg = Debug|Any CPU
		{BD0AE224-CC5C-4188-8C01-4906CA2ABA60}.Debug|x64.Build.0 = Debug|Any CPU
		{BD0AE224-CC5C-4188-8C01-4906CA2ABA60}.Debug|x86.ActiveCfg = Debug|Any CPU
		{BD0AE224-CC5C-4188-8C01-4906CA2ABA60}.Debug|x86.Build.0 = Debug|Any CPU
		{BD0AE224-CC5C-4188-8C01-4906CA2ABA60}.Docs|Any CPU.ActiveCfg = Release|Any CPU
		{BD0AE224-CC5C-4188-8C01-4906CA2ABA60}.Docs|Any CPU.Build.0 = Release|Any CPU
		{BD0AE224-CC5C-4188-8C01-4906CA2ABA60}.Docs|x64.ActiveCfg = Release|Any CPU
		{BD0AE224-CC5C-4188-8C01-4906CA2ABA60}.Docs|x64.Build.0 = Release|Any CPU
		{BD0AE224-CC5C-4188-8C01-4906CA2ABA60}.Docs|x86.ActiveCfg = Release|Any CPU
		{BD0AE224-CC5C-4188-8C01-4906CA2ABA60}.Docs|x86.Build.0 = Release|Any CPU
		{BD0AE224-CC5C-4188-8C01-4906CA2ABA60}.Release|Any CPU.ActiveCfg = Release|Any CPU
		{BD0AE224-CC5C-4188-8C01-4906CA2ABA60}.Release|Any CPU.Build.0 = Release|Any CPU
		{BD0AE224-CC5C-4188-8C01-4906CA2ABA60}.Release|x64.ActiveCfg = Release|Any CPU
		{BD0AE224-CC5C-4188-8C01-4906CA2ABA60}.Release|x64.Build.0 = Release|Any CPU
		{BD0AE224-CC5C-4188-8C01-4906CA2ABA60}.Release|x86.ActiveCfg = Release|Any CPU
		{BD0AE224-CC5C-4188-8C01-4906CA2ABA60}.Release|x86.Build.0 = Release|Any CPU
		{76944BC5-3DAD-46B7-AF1E-4679A956226D}.Debug|Any CPU.ActiveCfg = Debug|Any CPU
		{76944BC5-3DAD-46B7-AF1E-4679A956226D}.Debug|Any CPU.Build.0 = Debug|Any CPU
		{76944BC5-3DAD-46B7-AF1E-4679A956226D}.Debug|x64.ActiveCfg = Debug|Any CPU
		{76944BC5-3DAD-46B7-AF1E-4679A956226D}.Debug|x64.Build.0 = Debug|Any CPU
		{76944BC5-3DAD-46B7-AF1E-4679A956226D}.Debug|x86.ActiveCfg = Debug|Any CPU
		{76944BC5-3DAD-46B7-AF1E-4679A956226D}.Debug|x86.Build.0 = Debug|Any CPU
		{76944BC5-3DAD-46B7-AF1E-4679A956226D}.Docs|Any CPU.ActiveCfg = Release|Any CPU
		{76944BC5-3DAD-46B7-AF1E-4679A956226D}.Docs|Any CPU.Build.0 = Release|Any CPU
		{76944BC5-3DAD-46B7-AF1E-4679A956226D}.Docs|x64.ActiveCfg = Release|Any CPU
		{76944BC5-3DAD-46B7-AF1E-4679A956226D}.Docs|x64.Build.0 = Release|Any CPU
		{76944BC5-3DAD-46B7-AF1E-4679A956226D}.Docs|x86.ActiveCfg = Release|Any CPU
		{76944BC5-3DAD-46B7-AF1E-4679A956226D}.Docs|x86.Build.0 = Release|Any CPU
		{76944BC5-3DAD-46B7-AF1E-4679A956226D}.Release|Any CPU.ActiveCfg = Release|Any CPU
		{76944BC5-3DAD-46B7-AF1E-4679A956226D}.Release|Any CPU.Build.0 = Release|Any CPU
		{76944BC5-3DAD-46B7-AF1E-4679A956226D}.Release|x64.ActiveCfg = Release|Any CPU
		{76944BC5-3DAD-46B7-AF1E-4679A956226D}.Release|x64.Build.0 = Release|Any CPU
		{76944BC5-3DAD-46B7-AF1E-4679A956226D}.Release|x86.ActiveCfg = Release|Any CPU
		{76944BC5-3DAD-46B7-AF1E-4679A956226D}.Release|x86.Build.0 = Release|Any CPU
		{BBA59F2B-DB20-429C-8D37-6930AEA42A48}.Debug|Any CPU.ActiveCfg = Debug|Any CPU
		{BBA59F2B-DB20-429C-8D37-6930AEA42A48}.Debug|Any CPU.Build.0 = Debug|Any CPU
		{BBA59F2B-DB20-429C-8D37-6930AEA42A48}.Debug|x64.ActiveCfg = Debug|Any CPU
		{BBA59F2B-DB20-429C-8D37-6930AEA42A48}.Debug|x64.Build.0 = Debug|Any CPU
		{BBA59F2B-DB20-429C-8D37-6930AEA42A48}.Debug|x86.ActiveCfg = Debug|Any CPU
		{BBA59F2B-DB20-429C-8D37-6930AEA42A48}.Debug|x86.Build.0 = Debug|Any CPU
		{BBA59F2B-DB20-429C-8D37-6930AEA42A48}.Docs|Any CPU.ActiveCfg = Release|Any CPU
		{BBA59F2B-DB20-429C-8D37-6930AEA42A48}.Docs|Any CPU.Build.0 = Release|Any CPU
		{BBA59F2B-DB20-429C-8D37-6930AEA42A48}.Docs|x64.ActiveCfg = Release|Any CPU
		{BBA59F2B-DB20-429C-8D37-6930AEA42A48}.Docs|x64.Build.0 = Release|Any CPU
		{BBA59F2B-DB20-429C-8D37-6930AEA42A48}.Docs|x86.ActiveCfg = Release|Any CPU
		{BBA59F2B-DB20-429C-8D37-6930AEA42A48}.Docs|x86.Build.0 = Release|Any CPU
		{BBA59F2B-DB20-429C-8D37-6930AEA42A48}.Release|Any CPU.ActiveCfg = Release|Any CPU
		{BBA59F2B-DB20-429C-8D37-6930AEA42A48}.Release|Any CPU.Build.0 = Release|Any CPU
		{BBA59F2B-DB20-429C-8D37-6930AEA42A48}.Release|x64.ActiveCfg = Release|Any CPU
		{BBA59F2B-DB20-429C-8D37-6930AEA42A48}.Release|x64.Build.0 = Release|Any CPU
		{BBA59F2B-DB20-429C-8D37-6930AEA42A48}.Release|x86.ActiveCfg = Release|Any CPU
		{BBA59F2B-DB20-429C-8D37-6930AEA42A48}.Release|x86.Build.0 = Release|Any CPU
		{B2137379-958C-4BDA-B379-72D385698FA1}.Debug|Any CPU.ActiveCfg = Debug|Any CPU
		{B2137379-958C-4BDA-B379-72D385698FA1}.Debug|Any CPU.Build.0 = Debug|Any CPU
		{B2137379-958C-4BDA-B379-72D385698FA1}.Debug|x64.ActiveCfg = Debug|Any CPU
		{B2137379-958C-4BDA-B379-72D385698FA1}.Debug|x64.Build.0 = Debug|Any CPU
		{B2137379-958C-4BDA-B379-72D385698FA1}.Debug|x86.ActiveCfg = Debug|Any CPU
		{B2137379-958C-4BDA-B379-72D385698FA1}.Debug|x86.Build.0 = Debug|Any CPU
		{B2137379-958C-4BDA-B379-72D385698FA1}.Docs|Any CPU.ActiveCfg = Release|Any CPU
		{B2137379-958C-4BDA-B379-72D385698FA1}.Docs|Any CPU.Build.0 = Release|Any CPU
		{B2137379-958C-4BDA-B379-72D385698FA1}.Docs|x64.ActiveCfg = Release|Any CPU
		{B2137379-958C-4BDA-B379-72D385698FA1}.Docs|x64.Build.0 = Release|Any CPU
		{B2137379-958C-4BDA-B379-72D385698FA1}.Docs|x86.ActiveCfg = Release|Any CPU
		{B2137379-958C-4BDA-B379-72D385698FA1}.Docs|x86.Build.0 = Release|Any CPU
		{B2137379-958C-4BDA-B379-72D385698FA1}.Release|Any CPU.ActiveCfg = Release|Any CPU
		{B2137379-958C-4BDA-B379-72D385698FA1}.Release|Any CPU.Build.0 = Release|Any CPU
		{B2137379-958C-4BDA-B379-72D385698FA1}.Release|x64.ActiveCfg = Release|Any CPU
		{B2137379-958C-4BDA-B379-72D385698FA1}.Release|x64.Build.0 = Release|Any CPU
		{B2137379-958C-4BDA-B379-72D385698FA1}.Release|x86.ActiveCfg = Release|Any CPU
		{B2137379-958C-4BDA-B379-72D385698FA1}.Release|x86.Build.0 = Release|Any CPU
		{EC291E7D-EA7D-44B3-BDDA-D72BAC12A30E}.Debug|Any CPU.ActiveCfg = Debug|Any CPU
		{EC291E7D-EA7D-44B3-BDDA-D72BAC12A30E}.Debug|Any CPU.Build.0 = Debug|Any CPU
		{EC291E7D-EA7D-44B3-BDDA-D72BAC12A30E}.Debug|x64.ActiveCfg = Debug|Any CPU
		{EC291E7D-EA7D-44B3-BDDA-D72BAC12A30E}.Debug|x64.Build.0 = Debug|Any CPU
		{EC291E7D-EA7D-44B3-BDDA-D72BAC12A30E}.Debug|x86.ActiveCfg = Debug|Any CPU
		{EC291E7D-EA7D-44B3-BDDA-D72BAC12A30E}.Debug|x86.Build.0 = Debug|Any CPU
		{EC291E7D-EA7D-44B3-BDDA-D72BAC12A30E}.Docs|Any CPU.ActiveCfg = Release|Any CPU
		{EC291E7D-EA7D-44B3-BDDA-D72BAC12A30E}.Docs|Any CPU.Build.0 = Release|Any CPU
		{EC291E7D-EA7D-44B3-BDDA-D72BAC12A30E}.Docs|x64.ActiveCfg = Release|Any CPU
		{EC291E7D-EA7D-44B3-BDDA-D72BAC12A30E}.Docs|x64.Build.0 = Release|Any CPU
		{EC291E7D-EA7D-44B3-BDDA-D72BAC12A30E}.Docs|x86.ActiveCfg = Release|Any CPU
		{EC291E7D-EA7D-44B3-BDDA-D72BAC12A30E}.Docs|x86.Build.0 = Release|Any CPU
		{EC291E7D-EA7D-44B3-BDDA-D72BAC12A30E}.Release|Any CPU.ActiveCfg = Release|Any CPU
		{EC291E7D-EA7D-44B3-BDDA-D72BAC12A30E}.Release|Any CPU.Build.0 = Release|Any CPU
		{EC291E7D-EA7D-44B3-BDDA-D72BAC12A30E}.Release|x64.ActiveCfg = Release|Any CPU
		{EC291E7D-EA7D-44B3-BDDA-D72BAC12A30E}.Release|x64.Build.0 = Release|Any CPU
		{EC291E7D-EA7D-44B3-BDDA-D72BAC12A30E}.Release|x86.ActiveCfg = Release|Any CPU
		{EC291E7D-EA7D-44B3-BDDA-D72BAC12A30E}.Release|x86.Build.0 = Release|Any CPU
		{1C58CE85-7C20-4208-8804-9A5DF7E4F728}.Debug|Any CPU.ActiveCfg = Debug|Any CPU
		{1C58CE85-7C20-4208-8804-9A5DF7E4F728}.Debug|Any CPU.Build.0 = Debug|Any CPU
		{1C58CE85-7C20-4208-8804-9A5DF7E4F728}.Debug|x64.ActiveCfg = Debug|Any CPU
		{1C58CE85-7C20-4208-8804-9A5DF7E4F728}.Debug|x64.Build.0 = Debug|Any CPU
		{1C58CE85-7C20-4208-8804-9A5DF7E4F728}.Debug|x86.ActiveCfg = Debug|Any CPU
		{1C58CE85-7C20-4208-8804-9A5DF7E4F728}.Debug|x86.Build.0 = Debug|Any CPU
		{1C58CE85-7C20-4208-8804-9A5DF7E4F728}.Docs|Any CPU.ActiveCfg = Release|Any CPU
		{1C58CE85-7C20-4208-8804-9A5DF7E4F728}.Docs|Any CPU.Build.0 = Release|Any CPU
		{1C58CE85-7C20-4208-8804-9A5DF7E4F728}.Docs|x64.ActiveCfg = Release|Any CPU
		{1C58CE85-7C20-4208-8804-9A5DF7E4F728}.Docs|x64.Build.0 = Release|Any CPU
		{1C58CE85-7C20-4208-8804-9A5DF7E4F728}.Docs|x86.ActiveCfg = Release|Any CPU
		{1C58CE85-7C20-4208-8804-9A5DF7E4F728}.Docs|x86.Build.0 = Release|Any CPU
		{1C58CE85-7C20-4208-8804-9A5DF7E4F728}.Release|Any CPU.ActiveCfg = Release|Any CPU
		{1C58CE85-7C20-4208-8804-9A5DF7E4F728}.Release|Any CPU.Build.0 = Release|Any CPU
		{1C58CE85-7C20-4208-8804-9A5DF7E4F728}.Release|x64.ActiveCfg = Release|Any CPU
		{1C58CE85-7C20-4208-8804-9A5DF7E4F728}.Release|x64.Build.0 = Release|Any CPU
		{1C58CE85-7C20-4208-8804-9A5DF7E4F728}.Release|x86.ActiveCfg = Release|Any CPU
		{1C58CE85-7C20-4208-8804-9A5DF7E4F728}.Release|x86.Build.0 = Release|Any CPU
		{24AE2C2A-7DEB-4B9F-84C8-0F5E65E41EBC}.Debug|Any CPU.ActiveCfg = Debug|Any CPU
		{24AE2C2A-7DEB-4B9F-84C8-0F5E65E41EBC}.Debug|Any CPU.Build.0 = Debug|Any CPU
		{24AE2C2A-7DEB-4B9F-84C8-0F5E65E41EBC}.Debug|x64.ActiveCfg = Debug|Any CPU
		{24AE2C2A-7DEB-4B9F-84C8-0F5E65E41EBC}.Debug|x64.Build.0 = Debug|Any CPU
		{24AE2C2A-7DEB-4B9F-84C8-0F5E65E41EBC}.Debug|x86.ActiveCfg = Debug|Any CPU
		{24AE2C2A-7DEB-4B9F-84C8-0F5E65E41EBC}.Debug|x86.Build.0 = Debug|Any CPU
		{24AE2C2A-7DEB-4B9F-84C8-0F5E65E41EBC}.Docs|Any CPU.ActiveCfg = Release|Any CPU
		{24AE2C2A-7DEB-4B9F-84C8-0F5E65E41EBC}.Docs|Any CPU.Build.0 = Release|Any CPU
		{24AE2C2A-7DEB-4B9F-84C8-0F5E65E41EBC}.Docs|x64.ActiveCfg = Release|Any CPU
		{24AE2C2A-7DEB-4B9F-84C8-0F5E65E41EBC}.Docs|x64.Build.0 = Release|Any CPU
		{24AE2C2A-7DEB-4B9F-84C8-0F5E65E41EBC}.Docs|x86.ActiveCfg = Release|Any CPU
		{24AE2C2A-7DEB-4B9F-84C8-0F5E65E41EBC}.Docs|x86.Build.0 = Release|Any CPU
		{24AE2C2A-7DEB-4B9F-84C8-0F5E65E41EBC}.Release|Any CPU.ActiveCfg = Release|Any CPU
		{24AE2C2A-7DEB-4B9F-84C8-0F5E65E41EBC}.Release|Any CPU.Build.0 = Release|Any CPU
		{24AE2C2A-7DEB-4B9F-84C8-0F5E65E41EBC}.Release|x64.ActiveCfg = Release|Any CPU
		{24AE2C2A-7DEB-4B9F-84C8-0F5E65E41EBC}.Release|x64.Build.0 = Release|Any CPU
		{24AE2C2A-7DEB-4B9F-84C8-0F5E65E41EBC}.Release|x86.ActiveCfg = Release|Any CPU
		{24AE2C2A-7DEB-4B9F-84C8-0F5E65E41EBC}.Release|x86.Build.0 = Release|Any CPU
		{1588C792-DC7D-43AF-B4E7-5A71A0EE860E}.Debug|Any CPU.ActiveCfg = Debug|Any CPU
		{1588C792-DC7D-43AF-B4E7-5A71A0EE860E}.Debug|Any CPU.Build.0 = Debug|Any CPU
		{1588C792-DC7D-43AF-B4E7-5A71A0EE860E}.Debug|x64.ActiveCfg = Debug|Any CPU
		{1588C792-DC7D-43AF-B4E7-5A71A0EE860E}.Debug|x64.Build.0 = Debug|Any CPU
		{1588C792-DC7D-43AF-B4E7-5A71A0EE860E}.Debug|x86.ActiveCfg = Debug|Any CPU
		{1588C792-DC7D-43AF-B4E7-5A71A0EE860E}.Debug|x86.Build.0 = Debug|Any CPU
		{1588C792-DC7D-43AF-B4E7-5A71A0EE860E}.Docs|Any CPU.ActiveCfg = Release|Any CPU
		{1588C792-DC7D-43AF-B4E7-5A71A0EE860E}.Docs|Any CPU.Build.0 = Release|Any CPU
		{1588C792-DC7D-43AF-B4E7-5A71A0EE860E}.Docs|x64.ActiveCfg = Release|Any CPU
		{1588C792-DC7D-43AF-B4E7-5A71A0EE860E}.Docs|x64.Build.0 = Release|Any CPU
		{1588C792-DC7D-43AF-B4E7-5A71A0EE860E}.Docs|x86.ActiveCfg = Release|Any CPU
		{1588C792-DC7D-43AF-B4E7-5A71A0EE860E}.Docs|x86.Build.0 = Release|Any CPU
		{1588C792-DC7D-43AF-B4E7-5A71A0EE860E}.Release|Any CPU.ActiveCfg = Release|Any CPU
		{1588C792-DC7D-43AF-B4E7-5A71A0EE860E}.Release|Any CPU.Build.0 = Release|Any CPU
		{1588C792-DC7D-43AF-B4E7-5A71A0EE860E}.Release|x64.ActiveCfg = Release|Any CPU
		{1588C792-DC7D-43AF-B4E7-5A71A0EE860E}.Release|x64.Build.0 = Release|Any CPU
		{1588C792-DC7D-43AF-B4E7-5A71A0EE860E}.Release|x86.ActiveCfg = Release|Any CPU
		{1588C792-DC7D-43AF-B4E7-5A71A0EE860E}.Release|x86.Build.0 = Release|Any CPU
		{18C3E611-3993-4B93-82AE-5A9D2F776C18}.Debug|Any CPU.ActiveCfg = Debug|Any CPU
		{18C3E611-3993-4B93-82AE-5A9D2F776C18}.Debug|Any CPU.Build.0 = Debug|Any CPU
		{18C3E611-3993-4B93-82AE-5A9D2F776C18}.Debug|x64.ActiveCfg = Debug|Any CPU
		{18C3E611-3993-4B93-82AE-5A9D2F776C18}.Debug|x64.Build.0 = Debug|Any CPU
		{18C3E611-3993-4B93-82AE-5A9D2F776C18}.Debug|x86.ActiveCfg = Debug|Any CPU
		{18C3E611-3993-4B93-82AE-5A9D2F776C18}.Debug|x86.Build.0 = Debug|Any CPU
		{18C3E611-3993-4B93-82AE-5A9D2F776C18}.Docs|Any CPU.ActiveCfg = Debug|Any CPU
		{18C3E611-3993-4B93-82AE-5A9D2F776C18}.Docs|Any CPU.Build.0 = Debug|Any CPU
		{18C3E611-3993-4B93-82AE-5A9D2F776C18}.Docs|x64.ActiveCfg = Debug|Any CPU
		{18C3E611-3993-4B93-82AE-5A9D2F776C18}.Docs|x64.Build.0 = Debug|Any CPU
		{18C3E611-3993-4B93-82AE-5A9D2F776C18}.Docs|x86.ActiveCfg = Debug|Any CPU
		{18C3E611-3993-4B93-82AE-5A9D2F776C18}.Docs|x86.Build.0 = Debug|Any CPU
		{18C3E611-3993-4B93-82AE-5A9D2F776C18}.Release|Any CPU.ActiveCfg = Release|Any CPU
		{18C3E611-3993-4B93-82AE-5A9D2F776C18}.Release|Any CPU.Build.0 = Release|Any CPU
		{18C3E611-3993-4B93-82AE-5A9D2F776C18}.Release|x64.ActiveCfg = Release|Any CPU
		{18C3E611-3993-4B93-82AE-5A9D2F776C18}.Release|x64.Build.0 = Release|Any CPU
		{18C3E611-3993-4B93-82AE-5A9D2F776C18}.Release|x86.ActiveCfg = Release|Any CPU
		{18C3E611-3993-4B93-82AE-5A9D2F776C18}.Release|x86.Build.0 = Release|Any CPU
		{6392AD76-09FB-4005-90D5-E106D96ADAA6}.Debug|Any CPU.ActiveCfg = Debug|Any CPU
		{6392AD76-09FB-4005-90D5-E106D96ADAA6}.Debug|Any CPU.Build.0 = Debug|Any CPU
		{6392AD76-09FB-4005-90D5-E106D96ADAA6}.Debug|x64.ActiveCfg = Debug|Any CPU
		{6392AD76-09FB-4005-90D5-E106D96ADAA6}.Debug|x64.Build.0 = Debug|Any CPU
		{6392AD76-09FB-4005-90D5-E106D96ADAA6}.Debug|x86.ActiveCfg = Debug|Any CPU
		{6392AD76-09FB-4005-90D5-E106D96ADAA6}.Debug|x86.Build.0 = Debug|Any CPU
		{6392AD76-09FB-4005-90D5-E106D96ADAA6}.Docs|Any CPU.ActiveCfg = Debug|Any CPU
		{6392AD76-09FB-4005-90D5-E106D96ADAA6}.Docs|Any CPU.Build.0 = Debug|Any CPU
		{6392AD76-09FB-4005-90D5-E106D96ADAA6}.Docs|x64.ActiveCfg = Debug|Any CPU
		{6392AD76-09FB-4005-90D5-E106D96ADAA6}.Docs|x64.Build.0 = Debug|Any CPU
		{6392AD76-09FB-4005-90D5-E106D96ADAA6}.Docs|x86.ActiveCfg = Debug|Any CPU
		{6392AD76-09FB-4005-90D5-E106D96ADAA6}.Docs|x86.Build.0 = Debug|Any CPU
		{6392AD76-09FB-4005-90D5-E106D96ADAA6}.Release|Any CPU.ActiveCfg = Release|Any CPU
		{6392AD76-09FB-4005-90D5-E106D96ADAA6}.Release|Any CPU.Build.0 = Release|Any CPU
		{6392AD76-09FB-4005-90D5-E106D96ADAA6}.Release|x64.ActiveCfg = Release|Any CPU
		{6392AD76-09FB-4005-90D5-E106D96ADAA6}.Release|x64.Build.0 = Release|Any CPU
		{6392AD76-09FB-4005-90D5-E106D96ADAA6}.Release|x86.ActiveCfg = Release|Any CPU
		{6392AD76-09FB-4005-90D5-E106D96ADAA6}.Release|x86.Build.0 = Release|Any CPU
		{2DB4D22F-ABAE-4C3A-A4AE-792C873B97AB}.Debug|Any CPU.ActiveCfg = Debug|Any CPU
		{2DB4D22F-ABAE-4C3A-A4AE-792C873B97AB}.Debug|Any CPU.Build.0 = Debug|Any CPU
		{2DB4D22F-ABAE-4C3A-A4AE-792C873B97AB}.Debug|x64.ActiveCfg = Debug|Any CPU
		{2DB4D22F-ABAE-4C3A-A4AE-792C873B97AB}.Debug|x64.Build.0 = Debug|Any CPU
		{2DB4D22F-ABAE-4C3A-A4AE-792C873B97AB}.Debug|x86.ActiveCfg = Debug|Any CPU
		{2DB4D22F-ABAE-4C3A-A4AE-792C873B97AB}.Debug|x86.Build.0 = Debug|Any CPU
		{2DB4D22F-ABAE-4C3A-A4AE-792C873B97AB}.Docs|Any CPU.ActiveCfg = Debug|Any CPU
		{2DB4D22F-ABAE-4C3A-A4AE-792C873B97AB}.Docs|Any CPU.Build.0 = Debug|Any CPU
		{2DB4D22F-ABAE-4C3A-A4AE-792C873B97AB}.Docs|x64.ActiveCfg = Debug|Any CPU
		{2DB4D22F-ABAE-4C3A-A4AE-792C873B97AB}.Docs|x64.Build.0 = Debug|Any CPU
		{2DB4D22F-ABAE-4C3A-A4AE-792C873B97AB}.Docs|x86.ActiveCfg = Debug|Any CPU
		{2DB4D22F-ABAE-4C3A-A4AE-792C873B97AB}.Docs|x86.Build.0 = Debug|Any CPU
		{2DB4D22F-ABAE-4C3A-A4AE-792C873B97AB}.Release|Any CPU.ActiveCfg = Release|Any CPU
		{2DB4D22F-ABAE-4C3A-A4AE-792C873B97AB}.Release|Any CPU.Build.0 = Release|Any CPU
		{2DB4D22F-ABAE-4C3A-A4AE-792C873B97AB}.Release|x64.ActiveCfg = Release|Any CPU
		{2DB4D22F-ABAE-4C3A-A4AE-792C873B97AB}.Release|x64.Build.0 = Release|Any CPU
		{2DB4D22F-ABAE-4C3A-A4AE-792C873B97AB}.Release|x86.ActiveCfg = Release|Any CPU
		{2DB4D22F-ABAE-4C3A-A4AE-792C873B97AB}.Release|x86.Build.0 = Release|Any CPU
	EndGlobalSection
	GlobalSection(SolutionProperties) = preSolution
		HideSolutionNode = FALSE
	EndGlobalSection
	GlobalSection(NestedProjects) = preSolution
		{EC291E7D-EA7D-44B3-BDDA-D72BAC12A30E} = {BFD784FF-6E86-4540-8DEC-2F6AD779E0F9}
		{1C58CE85-7C20-4208-8804-9A5DF7E4F728} = {BFD784FF-6E86-4540-8DEC-2F6AD779E0F9}
		{24AE2C2A-7DEB-4B9F-84C8-0F5E65E41EBC} = {BFD784FF-6E86-4540-8DEC-2F6AD779E0F9}
		{1588C792-DC7D-43AF-B4E7-5A71A0EE860E} = {BFD784FF-6E86-4540-8DEC-2F6AD779E0F9}
		{2DB4D22F-ABAE-4C3A-A4AE-792C873B97AB} = {BFD784FF-6E86-4540-8DEC-2F6AD779E0F9}
	EndGlobalSection
	GlobalSection(ExtensibilityGlobals) = postSolution
		SolutionGuid = {995CECF4-8F4D-4000-82C9-2B59E91100E9}
	EndGlobalSection
EndGlobal
